
Microsoft Visual Studio Solution File, Format Version 12.00
# Visual Studio Version 16
VisualStudioVersion = 16.0.31613.86
MinimumVisualStudioVersion = 10.0.40219.1
Project("{FAE04EC0-301F-11D3-BF4B-00C04F79EFBC}") = "tarea6", "tarea6.csproj", "{276ADFE3-AB5F-45CE-8A1B-48655F418321}"
EndProject
Global
	GlobalSection(SolutionConfigurationPlatforms) = preSolution
		Debug|Any CPU = Debug|Any CPU
		Release|Any CPU = Release|Any CPU
	EndGlobalSection
	GlobalSection(ProjectConfigurationPlatforms) = postSolution
		{276ADFE3-AB5F-45CE-8A1B-48655F418321}.Debug|Any CPU.ActiveCfg = Debug|Any CPU
		{276ADFE3-AB5F-45CE-8A1B-48655F418321}.Debug|Any CPU.Build.0 = Debug|Any CPU
		{276ADFE3-AB5F-45CE-8A1B-48655F418321}.Release|Any CPU.ActiveCfg = Release|Any CPU
		{276ADFE3-AB5F-45CE-8A1B-48655F418321}.Release|Any CPU.Build.0 = Release|Any CPU
	EndGlobalSection
	GlobalSection(SolutionProperties) = preSolution
		HideSolutionNode = FALSE
	EndGlobalSection
	GlobalSection(ExtensibilityGlobals) = postSolution
		SolutionGuid = {A26A4CF7-A4EC-48B6-B73F-482282278B95}
	EndGlobalSection
EndGlobal
