
Microsoft Visual Studio Solution File, Format Version 12.00
# Visual Studio Version 16
VisualStudioVersion = 16.0.31613.86
MinimumVisualStudioVersion = 10.0.40219.1
Project("{FAE04EC0-301F-11D3-BF4B-00C04F79EFBC}") = "trabajo11", "trabajo11.csproj", "{A5CEA91D-7114-47A8-8020-4A76BBD8AC2C}"
EndProject
Global
	GlobalSection(SolutionConfigurationPlatforms) = preSolution
		Debug|Any CPU = Debug|Any CPU
		Release|Any CPU = Release|Any CPU
	EndGlobalSection
	GlobalSection(ProjectConfigurationPlatforms) = postSolution
		{A5CEA91D-7114-47A8-8020-4A76BBD8AC2C}.Debug|Any CPU.ActiveCfg = Debug|Any CPU
		{A5CEA91D-7114-47A8-8020-4A76BBD8AC2C}.Debug|Any CPU.Build.0 = Debug|Any CPU
		{A5CEA91D-7114-47A8-8020-4A76BBD8AC2C}.Release|Any CPU.ActiveCfg = Release|Any CPU
		{A5CEA91D-7114-47A8-8020-4A76BBD8AC2C}.Release|Any CPU.Build.0 = Release|Any CPU
	EndGlobalSection
	GlobalSection(SolutionProperties) = preSolution
		HideSolutionNode = FALSE
	EndGlobalSection
	GlobalSection(ExtensibilityGlobals) = postSolution
		SolutionGuid = {8635EA73-5AAA-4959-9EC3-70A0951804DE}
	EndGlobalSection
EndGlobal
